
Microsoft Visual Studio Solution File, Format Version 12.00
# Visual Studio Version 17
VisualStudioVersion = 17.3.32929.385
MinimumVisualStudioVersion = 10.0.40219.1
Project("{2150E333-8FDC-42A3-9474-1A3956D46DE8}") = "CMakePredefinedTargets", "CMakePredefinedTargets", "{496B4B16-C485-3DE3-BB70-BC23D29FEA36}"
EndProject
Project("{2150E333-8FDC-42A3-9474-1A3956D46DE8}") = "External", "External", "{12A677C5-440C-38CB-A4B8-71A72248C61B}"
EndProject
Project("{2150E333-8FDC-42A3-9474-1A3956D46DE8}") = "Internal", "Internal", "{71FD7D6D-777A-3396-9F0B-630663D6819F}"
EndProject
Project("{2150E333-8FDC-42A3-9474-1A3956D46DE8}") = "Utils", "Utils", "{C9317949-C9E5-35A7-9261-70272E8E231A}"
EndProject
Project("{8BC9CEB8-8B4A-11D0-8D11-00A0C91BC942}") = "Juli4Ever", "Juli4Ever.vcxproj", "{E31C75E4-6BBA-30E0-B88E-13DCA64A8D43}"
	ProjectSection(ProjectDependencies) = postProject
		{0267B9E5-9DB2-3C19-9916-F7517D43B3F5} = {0267B9E5-9DB2-3C19-9916-F7517D43B3F5}
		{192EC7AB-8CD9-3418-8994-7C8DD2943A25} = {192EC7AB-8CD9-3418-8994-7C8DD2943A25}
		{DD20DCFE-2CA9-347C-AE43-B3876FDACE46} = {DD20DCFE-2CA9-347C-AE43-B3876FDACE46}
		{CD2B9977-7DDE-398E-90A7-AC2EA3A3FFFF} = {CD2B9977-7DDE-398E-90A7-AC2EA3A3FFFF}
		{6B4EF041-AB35-3773-8B4D-72A43857793C} = {6B4EF041-AB35-3773-8B4D-72A43857793C}
		{F88C1224-4A19-3C64-BE4F-32C3B5E71E73} = {F88C1224-4A19-3C64-BE4F-32C3B5E71E73}
		{0E4C7148-264E-3405-B227-F45F219784C5} = {0E4C7148-264E-3405-B227-F45F219784C5}
		{D2006985-E3F8-3E45-9FC8-5EFB4966DB9D} = {D2006985-E3F8-3E45-9FC8-5EFB4966DB9D}
		{EEA42EC4-2D6E-3ED2-8707-7DEA6511A366} = {EEA42EC4-2D6E-3ED2-8707-7DEA6511A366}
		{29016DC5-716C-31FB-A1C3-C731003D244F} = {29016DC5-716C-31FB-A1C3-C731003D244F}
		{77074E4F-55B1-30D2-BE59-170435F98C7A} = {77074E4F-55B1-30D2-BE59-170435F98C7A}
		{DF67118F-E585-32E9-ADF8-2CC47AA2DACA} = {DF67118F-E585-32E9-ADF8-2CC47AA2DACA}
		{08027777-54A6-35B0-8CDF-4640686D2232} = {08027777-54A6-35B0-8CDF-4640686D2232}
		{8FBB02AC-A64D-37C0-9CC3-2F9EFBFDFEC6} = {8FBB02AC-A64D-37C0-9CC3-2F9EFBFDFEC6}
	EndProjectSection
EndProject
Project("{8BC9CEB8-8B4A-11D0-8D11-00A0C91BC942}") = "SYNC_RESOURCE-Juli4Ever", "SYNC_RESOURCE-Juli4Ever.vcxproj", "{0267B9E5-9DB2-3C19-9916-F7517D43B3F5}"
	ProjectSection(ProjectDependencies) = postProject
		{192EC7AB-8CD9-3418-8994-7C8DD2943A25} = {192EC7AB-8CD9-3418-8994-7C8DD2943A25}
	EndProjectSection
EndProject
Project("{8BC9CEB8-8B4A-11D0-8D11-00A0C91BC942}") = "ZERO_CHECK", "ZERO_CHECK.vcxproj", "{192EC7AB-8CD9-3418-8994-7C8DD2943A25}"
EndProject
Project("{8BC9CEB8-8B4A-11D0-8D11-00A0C91BC942}") = "cocos2d", "engine\cocos\core\cocos2d.vcxproj", "{DD20DCFE-2CA9-347C-AE43-B3876FDACE46}"
	ProjectSection(ProjectDependencies) = postProject
		{192EC7AB-8CD9-3418-8994-7C8DD2943A25} = {192EC7AB-8CD9-3418-8994-7C8DD2943A25}
		{CD2B9977-7DDE-398E-90A7-AC2EA3A3FFFF} = {CD2B9977-7DDE-398E-90A7-AC2EA3A3FFFF}
		{6B4EF041-AB35-3773-8B4D-72A43857793C} = {6B4EF041-AB35-3773-8B4D-72A43857793C}
		{F88C1224-4A19-3C64-BE4F-32C3B5E71E73} = {F88C1224-4A19-3C64-BE4F-32C3B5E71E73}
		{0E4C7148-264E-3405-B227-F45F219784C5} = {0E4C7148-264E-3405-B227-F45F219784C5}
		{D2006985-E3F8-3E45-9FC8-5EFB4966DB9D} = {D2006985-E3F8-3E45-9FC8-5EFB4966DB9D}
		{EEA42EC4-2D6E-3ED2-8707-7DEA6511A366} = {EEA42EC4-2D6E-3ED2-8707-7DEA6511A366}
		{29016DC5-716C-31FB-A1C3-C731003D244F} = {29016DC5-716C-31FB-A1C3-C731003D244F}
		{77074E4F-55B1-30D2-BE59-170435F98C7A} = {77074E4F-55B1-30D2-BE59-170435F98C7A}
		{DF67118F-E585-32E9-ADF8-2CC47AA2DACA} = {DF67118F-E585-32E9-ADF8-2CC47AA2DACA}
		{08027777-54A6-35B0-8CDF-4640686D2232} = {08027777-54A6-35B0-8CDF-4640686D2232}
		{8FBB02AC-A64D-37C0-9CC3-2F9EFBFDFEC6} = {8FBB02AC-A64D-37C0-9CC3-2F9EFBFDFEC6}
	EndProjectSection
EndProject
Project("{8BC9CEB8-8B4A-11D0-8D11-00A0C91BC942}") = "ext_clipper", "engine\external\clipper\ext_clipper.vcxproj", "{CD2B9977-7DDE-398E-90A7-AC2EA3A3FFFF}"
	ProjectSection(ProjectDependencies) = postProject
		{192EC7AB-8CD9-3418-8994-7C8DD2943A25} = {192EC7AB-8CD9-3418-8994-7C8DD2943A25}
	EndProjectSection
EndProject
Project("{8BC9CEB8-8B4A-11D0-8D11-00A0C91BC942}") = "ext_convertUTF", "engine\external\ConvertUTF\ext_convertUTF.vcxproj", "{6B4EF041-AB35-3773-8B4D-72A43857793C}"
	ProjectSection(ProjectDependencies) = postProject
		{192EC7AB-8CD9-3418-8994-7C8DD2943A25} = {192EC7AB-8CD9-3418-8994-7C8DD2943A25}
	EndProjectSection
EndProject
Project("{8BC9CEB8-8B4A-11D0-8D11-00A0C91BC942}") = "ext_edtaa3func", "engine\external\edtaa3func\ext_edtaa3func.vcxproj", "{F88C1224-4A19-3C64-BE4F-32C3B5E71E73}"
	ProjectSection(ProjectDependencies) = postProject
		{192EC7AB-8CD9-3418-8994-7C8DD2943A25} = {192EC7AB-8CD9-3418-8994-7C8DD2943A25}
	EndProjectSection
EndProject
Project("{8BC9CEB8-8B4A-11D0-8D11-00A0C91BC942}") = "ext_md5", "engine\external\md5\ext_md5.vcxproj", "{0E4C7148-264E-3405-B227-F45F219784C5}"
	ProjectSection(ProjectDependencies) = postProject
		{192EC7AB-8CD9-3418-8994-7C8DD2943A25} = {192EC7AB-8CD9-3418-8994-7C8DD2943A25}
	EndProjectSection
EndProject
Project("{8BC9CEB8-8B4A-11D0-8D11-00A0C91BC942}") = "ext_poly2tri", "engine\external\poly2tri\ext_poly2tri.vcxproj", "{D2006985-E3F8-3E45-9FC8-5EFB4966DB9D}"
	ProjectSection(ProjectDependencies) = postProject
		{192EC7AB-8CD9-3418-8994-7C8DD2943A25} = {192EC7AB-8CD9-3418-8994-7C8DD2943A25}
	EndProjectSection
EndProject
Project("{8BC9CEB8-8B4A-11D0-8D11-00A0C91BC942}") = "ext_recast", "engine\external\recast\ext_recast.vcxproj", "{EEA42EC4-2D6E-3ED2-8707-7DEA6511A366}"
	ProjectSection(ProjectDependencies) = postProject
		{192EC7AB-8CD9-3418-8994-7C8DD2943A25} = {192EC7AB-8CD9-3418-8994-7C8DD2943A25}
	EndProjectSection
EndProject
Project("{8BC9CEB8-8B4A-11D0-8D11-00A0C91BC942}") = "ext_tinyxml2", "engine\external\tinyxml2\ext_tinyxml2.vcxproj", "{29016DC5-716C-31FB-A1C3-C731003D244F}"
	ProjectSection(ProjectDependencies) = postProject
		{192EC7AB-8CD9-3418-8994-7C8DD2943A25} = {192EC7AB-8CD9-3418-8994-7C8DD2943A25}
	EndProjectSection
EndProject
Project("{8BC9CEB8-8B4A-11D0-8D11-00A0C91BC942}") = "ext_unzip", "engine\external\unzip\ext_unzip.vcxproj", "{77074E4F-55B1-30D2-BE59-170435F98C7A}"
	ProjectSection(ProjectDependencies) = postProject
		{192EC7AB-8CD9-3418-8994-7C8DD2943A25} = {192EC7AB-8CD9-3418-8994-7C8DD2943A25}
	EndProjectSection
EndProject
Project("{8BC9CEB8-8B4A-11D0-8D11-00A0C91BC942}") = "ext_xxhash", "engine\external\xxhash\ext_xxhash.vcxproj", "{DF67118F-E585-32E9-ADF8-2CC47AA2DACA}"
	ProjectSection(ProjectDependencies) = postProject
		{192EC7AB-8CD9-3418-8994-7C8DD2943A25} = {192EC7AB-8CD9-3418-8994-7C8DD2943A25}
	EndProjectSection
EndProject
Project("{8BC9CEB8-8B4A-11D0-8D11-00A0C91BC942}") = "ext_xxtea", "engine\external\xxtea\ext_xxtea.vcxproj", "{08027777-54A6-35B0-8CDF-4640686D2232}"
	ProjectSection(ProjectDependencies) = postProject
		{192EC7AB-8CD9-3418-8994-7C8DD2943A25} = {192EC7AB-8CD9-3418-8994-7C8DD2943A25}
	EndProjectSection
EndProject
Project("{8BC9CEB8-8B4A-11D0-8D11-00A0C91BC942}") = "external", "engine\external\external.vcxproj", "{8FBB02AC-A64D-37C0-9CC3-2F9EFBFDFEC6}"
	ProjectSection(ProjectDependencies) = postProject
		{192EC7AB-8CD9-3418-8994-7C8DD2943A25} = {192EC7AB-8CD9-3418-8994-7C8DD2943A25}
		{CD2B9977-7DDE-398E-90A7-AC2EA3A3FFFF} = {CD2B9977-7DDE-398E-90A7-AC2EA3A3FFFF}
		{6B4EF041-AB35-3773-8B4D-72A43857793C} = {6B4EF041-AB35-3773-8B4D-72A43857793C}
		{F88C1224-4A19-3C64-BE4F-32C3B5E71E73} = {F88C1224-4A19-3C64-BE4F-32C3B5E71E73}
		{0E4C7148-264E-3405-B227-F45F219784C5} = {0E4C7148-264E-3405-B227-F45F219784C5}
		{D2006985-E3F8-3E45-9FC8-5EFB4966DB9D} = {D2006985-E3F8-3E45-9FC8-5EFB4966DB9D}
		{EEA42EC4-2D6E-3ED2-8707-7DEA6511A366} = {EEA42EC4-2D6E-3ED2-8707-7DEA6511A366}
		{29016DC5-716C-31FB-A1C3-C731003D244F} = {29016DC5-716C-31FB-A1C3-C731003D244F}
		{77074E4F-55B1-30D2-BE59-170435F98C7A} = {77074E4F-55B1-30D2-BE59-170435F98C7A}
		{DF67118F-E585-32E9-ADF8-2CC47AA2DACA} = {DF67118F-E585-32E9-ADF8-2CC47AA2DACA}
		{08027777-54A6-35B0-8CDF-4640686D2232} = {08027777-54A6-35B0-8CDF-4640686D2232}
	EndProjectSection
EndProject
Global
	GlobalSection(SolutionConfigurationPlatforms) = preSolution
		Debug|Win32 = Debug|Win32
		MinSizeRel|Win32 = MinSizeRel|Win32
		Release|Win32 = Release|Win32
		RelWithDebInfo|Win32 = RelWithDebInfo|Win32
	EndGlobalSection
	GlobalSection(ProjectConfigurationPlatforms) = postSolution
		{E31C75E4-6BBA-30E0-B88E-13DCA64A8D43}.Debug|Win32.ActiveCfg = Debug|Win32
		{E31C75E4-6BBA-30E0-B88E-13DCA64A8D43}.Debug|Win32.Build.0 = Debug|Win32
		{E31C75E4-6BBA-30E0-B88E-13DCA64A8D43}.MinSizeRel|Win32.ActiveCfg = MinSizeRel|Win32
		{E31C75E4-6BBA-30E0-B88E-13DCA64A8D43}.MinSizeRel|Win32.Build.0 = MinSizeRel|Win32
		{E31C75E4-6BBA-30E0-B88E-13DCA64A8D43}.Release|Win32.ActiveCfg = Release|Win32
		{E31C75E4-6BBA-30E0-B88E-13DCA64A8D43}.Release|Win32.Build.0 = Release|Win32
		{E31C75E4-6BBA-30E0-B88E-13DCA64A8D43}.RelWithDebInfo|Win32.ActiveCfg = RelWithDebInfo|Win32
		{E31C75E4-6BBA-30E0-B88E-13DCA64A8D43}.RelWithDebInfo|Win32.Build.0 = RelWithDebInfo|Win32
		{0267B9E5-9DB2-3C19-9916-F7517D43B3F5}.Debug|Win32.ActiveCfg = Debug|Win32
		{0267B9E5-9DB2-3C19-9916-F7517D43B3F5}.Debug|Win32.Build.0 = Debug|Win32
		{0267B9E5-9DB2-3C19-9916-F7517D43B3F5}.MinSizeRel|Win32.ActiveCfg = MinSizeRel|Win32
		{0267B9E5-9DB2-3C19-9916-F7517D43B3F5}.MinSizeRel|Win32.Build.0 = MinSizeRel|Win32
		{0267B9E5-9DB2-3C19-9916-F7517D43B3F5}.Release|Win32.ActiveCfg = Release|Win32
		{0267B9E5-9DB2-3C19-9916-F7517D43B3F5}.Release|Win32.Build.0 = Release|Win32
		{0267B9E5-9DB2-3C19-9916-F7517D43B3F5}.RelWithDebInfo|Win32.ActiveCfg = RelWithDebInfo|Win32
		{0267B9E5-9DB2-3C19-9916-F7517D43B3F5}.RelWithDebInfo|Win32.Build.0 = RelWithDebInfo|Win32
		{192EC7AB-8CD9-3418-8994-7C8DD2943A25}.Debug|Win32.ActiveCfg = Debug|Win32
		{192EC7AB-8CD9-3418-8994-7C8DD2943A25}.Debug|Win32.Build.0 = Debug|Win32
		{192EC7AB-8CD9-3418-8994-7C8DD2943A25}.MinSizeRel|Win32.ActiveCfg = MinSizeRel|Win32
		{192EC7AB-8CD9-3418-8994-7C8DD2943A25}.MinSizeRel|Win32.Build.0 = MinSizeRel|Win32
		{192EC7AB-8CD9-3418-8994-7C8DD2943A25}.Release|Win32.ActiveCfg = Release|Win32
		{192EC7AB-8CD9-3418-8994-7C8DD2943A25}.Release|Win32.Build.0 = Release|Win32
		{192EC7AB-8CD9-3418-8994-7C8DD2943A25}.RelWithDebInfo|Win32.ActiveCfg = RelWithDebInfo|Win32
		{192EC7AB-8CD9-3418-8994-7C8DD2943A25}.RelWithDebInfo|Win32.Build.0 = RelWithDebInfo|Win32
		{DD20DCFE-2CA9-347C-AE43-B3876FDACE46}.Debug|Win32.ActiveCfg = Debug|Win32
		{DD20DCFE-2CA9-347C-AE43-B3876FDACE46}.Debug|Win32.Build.0 = Debug|Win32
		{DD20DCFE-2CA9-347C-AE43-B3876FDACE46}.MinSizeRel|Win32.ActiveCfg = MinSizeRel|Win32
		{DD20DCFE-2CA9-347C-AE43-B3876FDACE46}.MinSizeRel|Win32.Build.0 = MinSizeRel|Win32
		{DD20DCFE-2CA9-347C-AE43-B3876FDACE46}.Release|Win32.ActiveCfg = Release|Win32
		{DD20DCFE-2CA9-347C-AE43-B3876FDACE46}.Release|Win32.Build.0 = Release|Win32
		{DD20DCFE-2CA9-347C-AE43-B3876FDACE46}.RelWithDebInfo|Win32.ActiveCfg = RelWithDebInfo|Win32
		{DD20DCFE-2CA9-347C-AE43-B3876FDACE46}.RelWithDebInfo|Win32.Build.0 = RelWithDebInfo|Win32
		{CD2B9977-7DDE-398E-90A7-AC2EA3A3FFFF}.Debug|Win32.ActiveCfg = Debug|Win32
		{CD2B9977-7DDE-398E-90A7-AC2EA3A3FFFF}.Debug|Win32.Build.0 = Debug|Win32
		{CD2B9977-7DDE-398E-90A7-AC2EA3A3FFFF}.MinSizeRel|Win32.ActiveCfg = MinSizeRel|Win32
		{CD2B9977-7DDE-398E-90A7-AC2EA3A3FFFF}.MinSizeRel|Win32.Build.0 = MinSizeRel|Win32
		{CD2B9977-7DDE-398E-90A7-AC2EA3A3FFFF}.Release|Win32.ActiveCfg = Release|Win32
		{CD2B9977-7DDE-398E-90A7-AC2EA3A3FFFF}.Release|Win32.Build.0 = Release|Win32
		{CD2B9977-7DDE-398E-90A7-AC2EA3A3FFFF}.RelWithDebInfo|Win32.ActiveCfg = RelWithDebInfo|Win32
		{CD2B9977-7DDE-398E-90A7-AC2EA3A3FFFF}.RelWithDebInfo|Win32.Build.0 = RelWithDebInfo|Win32
		{6B4EF041-AB35-3773-8B4D-72A43857793C}.Debug|Win32.ActiveCfg = Debug|Win32
		{6B4EF041-AB35-3773-8B4D-72A43857793C}.Debug|Win32.Build.0 = Debug|Win32
		{6B4EF041-AB35-3773-8B4D-72A43857793C}.MinSizeRel|Win32.ActiveCfg = MinSizeRel|Win32
		{6B4EF041-AB35-3773-8B4D-72A43857793C}.MinSizeRel|Win32.Build.0 = MinSizeRel|Win32
		{6B4EF041-AB35-3773-8B4D-72A43857793C}.Release|Win32.ActiveCfg = Release|Win32
		{6B4EF041-AB35-3773-8B4D-72A43857793C}.Release|Win32.Build.0 = Release|Win32
		{6B4EF041-AB35-3773-8B4D-72A43857793C}.RelWithDebInfo|Win32.ActiveCfg = RelWithDebInfo|Win32
		{6B4EF041-AB35-3773-8B4D-72A43857793C}.RelWithDebInfo|Win32.Build.0 = RelWithDebInfo|Win32
		{F88C1224-4A19-3C64-BE4F-32C3B5E71E73}.Debug|Win32.ActiveCfg = Debug|Win32
		{F88C1224-4A19-3C64-BE4F-32C3B5E71E73}.Debug|Win32.Build.0 = Debug|Win32
		{F88C1224-4A19-3C64-BE4F-32C3B5E71E73}.MinSizeRel|Win32.ActiveCfg = MinSizeRel|Win32
		{F88C1224-4A19-3C64-BE4F-32C3B5E71E73}.MinSizeRel|Win32.Build.0 = MinSizeRel|Win32
		{F88C1224-4A19-3C64-BE4F-32C3B5E71E73}.Release|Win32.ActiveCfg = Release|Win32
		{F88C1224-4A19-3C64-BE4F-32C3B5E71E73}.Release|Win32.Build.0 = Release|Win32
		{F88C1224-4A19-3C64-BE4F-32C3B5E71E73}.RelWithDebInfo|Win32.ActiveCfg = RelWithDebInfo|Win32
		{F88C1224-4A19-3C64-BE4F-32C3B5E71E73}.RelWithDebInfo|Win32.Build.0 = RelWithDebInfo|Win32
		{0E4C7148-264E-3405-B227-F45F219784C5}.Debug|Win32.ActiveCfg = Debug|Win32
		{0E4C7148-264E-3405-B227-F45F219784C5}.Debug|Win32.Build.0 = Debug|Win32
		{0E4C7148-264E-3405-B227-F45F219784C5}.MinSizeRel|Win32.ActiveCfg = MinSizeRel|Win32
		{0E4C7148-264E-3405-B227-F45F219784C5}.MinSizeRel|Win32.Build.0 = MinSizeRel|Win32
		{0E4C7148-264E-3405-B227-F45F219784C5}.Release|Win32.ActiveCfg = Release|Win32
		{0E4C7148-264E-3405-B227-F45F219784C5}.Release|Win32.Build.0 = Release|Win32
		{0E4C7148-264E-3405-B227-F45F219784C5}.RelWithDebInfo|Win32.ActiveCfg = RelWithDebInfo|Win32
		{0E4C7148-264E-3405-B227-F45F219784C5}.RelWithDebInfo|Win32.Build.0 = RelWithDebInfo|Win32
		{D2006985-E3F8-3E45-9FC8-5EFB4966DB9D}.Debug|Win32.ActiveCfg = Debug|Win32
		{D2006985-E3F8-3E45-9FC8-5EFB4966DB9D}.Debug|Win32.Build.0 = Debug|Win32
		{D2006985-E3F8-3E45-9FC8-5EFB4966DB9D}.MinSizeRel|Win32.ActiveCfg = MinSizeRel|Win32
		{D2006985-E3F8-3E45-9FC8-5EFB4966DB9D}.MinSizeRel|Win32.Build.0 = MinSizeRel|Win32
		{D2006985-E3F8-3E45-9FC8-5EFB4966DB9D}.Release|Win32.ActiveCfg = Release|Win32
		{D2006985-E3F8-3E45-9FC8-5EFB4966DB9D}.Release|Win32.Build.0 = Release|Win32
		{D2006985-E3F8-3E45-9FC8-5EFB4966DB9D}.RelWithDebInfo|Win32.ActiveCfg = RelWithDebInfo|Win32
		{D2006985-E3F8-3E45-9FC8-5EFB4966DB9D}.RelWithDebInfo|Win32.Build.0 = RelWithDebInfo|Win32
		{EEA42EC4-2D6E-3ED2-8707-7DEA6511A366}.Debug|Win32.ActiveCfg = Debug|Win32
		{EEA42EC4-2D6E-3ED2-8707-7DEA6511A366}.Debug|Win32.Build.0 = Debug|Win32
		{EEA42EC4-2D6E-3ED2-8707-7DEA6511A366}.MinSizeRel|Win32.ActiveCfg = MinSizeRel|Win32
		{EEA42EC4-2D6E-3ED2-8707-7DEA6511A366}.MinSizeRel|Win32.Build.0 = MinSizeRel|Win32
		{EEA42EC4-2D6E-3ED2-8707-7DEA6511A366}.Release|Win32.ActiveCfg = Release|Win32
		{EEA42EC4-2D6E-3ED2-8707-7DEA6511A366}.Release|Win32.Build.0 = Release|Win32
		{EEA42EC4-2D6E-3ED2-8707-7DEA6511A366}.RelWithDebInfo|Win32.ActiveCfg = RelWithDebInfo|Win32
		{EEA42EC4-2D6E-3ED2-8707-7DEA6511A366}.RelWithDebInfo|Win32.Build.0 = RelWithDebInfo|Win32
		{29016DC5-716C-31FB-A1C3-C731003D244F}.Debug|Win32.ActiveCfg = Debug|Win32
		{29016DC5-716C-31FB-A1C3-C731003D244F}.Debug|Win32.Build.0 = Debug|Win32
		{29016DC5-716C-31FB-A1C3-C731003D244F}.MinSizeRel|Win32.ActiveCfg = MinSizeRel|Win32
		{29016DC5-716C-31FB-A1C3-C731003D244F}.MinSizeRel|Win32.Build.0 = MinSizeRel|Win32
		{29016DC5-716C-31FB-A1C3-C731003D244F}.Release|Win32.ActiveCfg = Release|Win32
		{29016DC5-716C-31FB-A1C3-C731003D244F}.Release|Win32.Build.0 = Release|Win32
		{29016DC5-716C-31FB-A1C3-C731003D244F}.RelWithDebInfo|Win32.ActiveCfg = RelWithDebInfo|Win32
		{29016DC5-716C-31FB-A1C3-C731003D244F}.RelWithDebInfo|Win32.Build.0 = RelWithDebInfo|Win32
		{77074E4F-55B1-30D2-BE59-170435F98C7A}.Debug|Win32.ActiveCfg = Debug|Win32
		{77074E4F-55B1-30D2-BE59-170435F98C7A}.Debug|Win32.Build.0 = Debug|Win32
		{77074E4F-55B1-30D2-BE59-170435F98C7A}.MinSizeRel|Win32.ActiveCfg = MinSizeRel|Win32
		{77074E4F-55B1-30D2-BE59-170435F98C7A}.MinSizeRel|Win32.Build.0 = MinSizeRel|Win32
		{77074E4F-55B1-30D2-BE59-170435F98C7A}.Release|Win32.ActiveCfg = Release|Win32
		{77074E4F-55B1-30D2-BE59-170435F98C7A}.Release|Win32.Build.0 = Release|Win32
		{77074E4F-55B1-30D2-BE59-170435F98C7A}.RelWithDebInfo|Win32.ActiveCfg = RelWithDebInfo|Win32
		{77074E4F-55B1-30D2-BE59-170435F98C7A}.RelWithDebInfo|Win32.Build.0 = RelWithDebInfo|Win32
		{DF67118F-E585-32E9-ADF8-2CC47AA2DACA}.Debug|Win32.ActiveCfg = Debug|Win32
		{DF67118F-E585-32E9-ADF8-2CC47AA2DACA}.Debug|Win32.Build.0 = Debug|Win32
		{DF67118F-E585-32E9-ADF8-2CC47AA2DACA}.MinSizeRel|Win32.ActiveCfg = MinSizeRel|Win32
		{DF67118F-E585-32E9-ADF8-2CC47AA2DACA}.MinSizeRel|Win32.Build.0 = MinSizeRel|Win32
		{DF67118F-E585-32E9-ADF8-2CC47AA2DACA}.Release|Win32.ActiveCfg = Release|Win32
		{DF67118F-E585-32E9-ADF8-2CC47AA2DACA}.Release|Win32.Build.0 = Release|Win32
		{DF67118F-E585-32E9-ADF8-2CC47AA2DACA}.RelWithDebInfo|Win32.ActiveCfg = RelWithDebInfo|Win32
		{DF67118F-E585-32E9-ADF8-2CC47AA2DACA}.RelWithDebInfo|Win32.Build.0 = RelWithDebInfo|Win32
		{08027777-54A6-35B0-8CDF-4640686D2232}.Debug|Win32.ActiveCfg = Debug|Win32
		{08027777-54A6-35B0-8CDF-4640686D2232}.Debug|Win32.Build.0 = Debug|Win32
		{08027777-54A6-35B0-8CDF-4640686D2232}.MinSizeRel|Win32.ActiveCfg = MinSizeRel|Win32
		{08027777-54A6-35B0-8CDF-4640686D2232}.MinSizeRel|Win32.Build.0 = MinSizeRel|Win32
		{08027777-54A6-35B0-8CDF-4640686D2232}.Release|Win32.ActiveCfg = Release|Win32
		{08027777-54A6-35B0-8CDF-4640686D2232}.Release|Win32.Build.0 = Release|Win32
		{08027777-54A6-35B0-8CDF-4640686D2232}.RelWithDebInfo|Win32.ActiveCfg = RelWithDebInfo|Win32
		{08027777-54A6-35B0-8CDF-4640686D2232}.RelWithDebInfo|Win32.Build.0 = RelWithDebInfo|Win32
		{8FBB02AC-A64D-37C0-9CC3-2F9EFBFDFEC6}.Debug|Win32.ActiveCfg = Debug|Win32
		{8FBB02AC-A64D-37C0-9CC3-2F9EFBFDFEC6}.Debug|Win32.Build.0 = Debug|Win32
		{8FBB02AC-A64D-37C0-9CC3-2F9EFBFDFEC6}.MinSizeRel|Win32.ActiveCfg = MinSizeRel|Win32
		{8FBB02AC-A64D-37C0-9CC3-2F9EFBFDFEC6}.MinSizeRel|Win32.Build.0 = MinSizeRel|Win32
		{8FBB02AC-A64D-37C0-9CC3-2F9EFBFDFEC6}.Release|Win32.ActiveCfg = Release|Win32
		{8FBB02AC-A64D-37C0-9CC3-2F9EFBFDFEC6}.Release|Win32.Build.0 = Release|Win32
		{8FBB02AC-A64D-37C0-9CC3-2F9EFBFDFEC6}.RelWithDebInfo|Win32.ActiveCfg = RelWithDebInfo|Win32
		{8FBB02AC-A64D-37C0-9CC3-2F9EFBFDFEC6}.RelWithDebInfo|Win32.Build.0 = RelWithDebInfo|Win32
	EndGlobalSection
	GlobalSection(SolutionProperties) = preSolution
		HideSolutionNode = FALSE
	EndGlobalSection
	GlobalSection(NestedProjects) = preSolution
		{0267B9E5-9DB2-3C19-9916-F7517D43B3F5} = {C9317949-C9E5-35A7-9261-70272E8E231A}
		{192EC7AB-8CD9-3418-8994-7C8DD2943A25} = {496B4B16-C485-3DE3-BB70-BC23D29FEA36}
		{DD20DCFE-2CA9-347C-AE43-B3876FDACE46} = {71FD7D6D-777A-3396-9F0B-630663D6819F}
		{CD2B9977-7DDE-398E-90A7-AC2EA3A3FFFF} = {12A677C5-440C-38CB-A4B8-71A72248C61B}
		{6B4EF041-AB35-3773-8B4D-72A43857793C} = {12A677C5-440C-38CB-A4B8-71A72248C61B}
		{F88C1224-4A19-3C64-BE4F-32C3B5E71E73} = {12A677C5-440C-38CB-A4B8-71A72248C61B}
		{0E4C7148-264E-3405-B227-F45F219784C5} = {12A677C5-440C-38CB-A4B8-71A72248C61B}
		{D2006985-E3F8-3E45-9FC8-5EFB4966DB9D} = {12A677C5-440C-38CB-A4B8-71A72248C61B}
		{EEA42EC4-2D6E-3ED2-8707-7DEA6511A366} = {12A677C5-440C-38CB-A4B8-71A72248C61B}
		{29016DC5-716C-31FB-A1C3-C731003D244F} = {12A677C5-440C-38CB-A4B8-71A72248C61B}
		{77074E4F-55B1-30D2-BE59-170435F98C7A} = {12A677C5-440C-38CB-A4B8-71A72248C61B}
		{DF67118F-E585-32E9-ADF8-2CC47AA2DACA} = {12A677C5-440C-38CB-A4B8-71A72248C61B}
		{08027777-54A6-35B0-8CDF-4640686D2232} = {12A677C5-440C-38CB-A4B8-71A72248C61B}
		{8FBB02AC-A64D-37C0-9CC3-2F9EFBFDFEC6} = {12A677C5-440C-38CB-A4B8-71A72248C61B}
	EndGlobalSection
	GlobalSection(ExtensibilityGlobals) = postSolution
		SolutionGuid = {6D1DAC4C-F87F-30F0-9B2C-40B721494EC5}
	EndGlobalSection
EndGlobal
