<?xml version="1.0" encoding="utf-8"?>
<Project ToolsVersion="17.0" xmlns="http://schemas.microsoft.com/developer/msbuild/2003">
  <ItemGroup>
    <ClCompile Include="C:\Users\Juler\Documents\July\Juli\Juli4ever_Game\Juli4Ever\Classes\AppDelegate.cpp">
      <Filter>Source Files\Classes</Filter>
    </ClCompile>
    <ClCompile Include="C:\Users\Juler\Documents\July\Juli\Juli4ever_Game\Juli4Ever\proj.win32\main.cpp">
      <Filter>Source Files\proj.win32</Filter>
    </ClCompile>
    <ClCompile Include="C:\Users\Juler\Documents\July\Juli\Juli4ever_Game\Juli4Ever\cocos2d\cocos\precheader.cpp">
      <Filter>Source Files</Filter>
    </ClCompile>
    <ClCompile Include="Cambio.cpp">
      <Filter>Source Files\Classes\Hablar</Filter>
    </ClCompile>
    <ClCompile Include="Datos.cpp">
      <Filter>Source Files\Juli4Ever\Utils</Filter>
    </ClCompile>
    <ClCompile Include="Decir.cpp">
      <Filter>Source Files\Classes\Hablar</Filter>
    </ClCompile>
    <ClCompile Include="Greetings.cpp">
      <Filter>Source Files\Classes\Hablar</Filter>
    </ClCompile>
    <ClCompile Include="Gustar.cpp">
      <Filter>Source Files\Classes\Hablar</Filter>
    </ClCompile>
    <ClCompile Include="Jugar.cpp">
      <Filter>Source Files\Juli4Ever\Jugar</Filter>
    </ClCompile>
    <ClCompile Include="Musica.cpp">
      <Filter>Source Files\Juli4Ever\Musica</Filter>
    </ClCompile>
    <ClCompile Include="Preguntas.cpp">
      <Filter>Source Files\Classes\Hablar</Filter>
    </ClCompile>
    <ClCompile Include="Sentimientos.cpp">
      <Filter>Source Files\Classes\Hablar</Filter>
    </ClCompile>
    <ClCompile Include="Siento.cpp">
      <Filter>Source Files\Classes\Hablar</Filter>
    </ClCompile>
    <ClCompile Include="Threats.cpp">
      <Filter>Source Files\Juli4Ever\Utils</Filter>
    </ClCompile>
    <ClCompile Include="Vacas y toros.cpp">
      <Filter>Source Files\Juli4Ever\Jugar</Filter>
    </ClCompile>
    <ClCompile Include="..\Classes\Juli4Ever.cpp">
      <Filter>Source Files\Classes</Filter>
    </ClCompile>
    <ClCompile Include="..\Classes\Hablar.cpp">
      <Filter>Source Files\Classes\Hablar</Filter>
    </ClCompile>
    <ClCompile Include="..\Classes\Preguntar.cpp">
      <Filter>Source Files\Classes\Hablar</Filter>
    </ClCompile>
    <ClCompile Include="Bienvenida.cpp">
      <Filter>Source Files\Classes</Filter>
    </ClCompile>
    <ClCompile Include="Conversations.cpp">
      <Filter>Source Files\Juli4Ever\Utils</Filter>
    </ClCompile>
    <ClCompile Include="..\Classes\Conocer.cpp">
      <Filter>Source Files\Classes\Hablar</Filter>
    </ClCompile>
  </ItemGroup>
  <ItemGroup>
    <ClInclude Include="C:\Users\Juler\Documents\July\Juli\Juli4ever_Game\Juli4Ever\Classes\AppDelegate.h">
      <Filter>Source Files\Classes</Filter>
    </ClInclude>
    <ClInclude Include="C:\Users\Juler\Documents\July\Juli\Juli4ever_Game\Juli4Ever\proj.win32\main.h">
      <Filter>Source Files\proj.win32</Filter>
    </ClInclude>
    <ClInclude Include="C:\Users\Juler\Documents\July\Juli\Juli4ever_Game\Juli4Ever\proj.win32\resource.h">
      <Filter>Source Files\proj.win32</Filter>
    </ClInclude>
    <ClInclude Include="C:\Users\Juler\Documents\July\Juli\Juli4ever_Game\Juli4Ever\Resources\CloseNormal.png">
      <Filter>Resources</Filter>
    </ClInclude>
    <ClInclude Include="C:\Users\Juler\Documents\July\Juli\Juli4ever_Game\Juli4Ever\Resources\CloseSelected.png">
      <Filter>Resources</Filter>
    </ClInclude>
    <ClInclude Include="C:\Users\Juler\Documents\July\Juli\Juli4ever_Game\Juli4Ever\Resources\HelloWorld.png">
      <Filter>Resources</Filter>
    </ClInclude>
    <ClInclude Include="C:\Users\Juler\Documents\July\Juli\Juli4ever_Game\Juli4Ever\Resources\fonts\Marker Felt.ttf">
      <Filter>Resources\fonts</Filter>
    </ClInclude>
    <ClInclude Include="C:\Users\Juler\Documents\July\Juli\Juli4ever_Game\Juli4Ever\Resources\fonts\arial.ttf">
      <Filter>Resources\fonts</Filter>
    </ClInclude>
    <ClInclude Include="C:\Users\Juler\Documents\July\Juli\Juli4ever_Game\Juli4Ever\Resources\res\.gitkeep">
      <Filter>Resources\res</Filter>
    </ClInclude>
    <ClInclude Include="Functions.h">
      <Filter>Source Files\Juli4Ever\Utils</Filter>
    </ClInclude>
    <ClInclude Include="Juli.h">
      <Filter>Source Files\Juli4Ever\Utils</Filter>
    </ClInclude>
    <ClInclude Include="..\Classes\Juli4Ever.h">
      <Filter>Source Files\Classes</Filter>
    </ClInclude>
  </ItemGroup>
  <ItemGroup>
    <CustomBuild Include="C:\Users\Juler\Documents\July\Juli\Juli4ever_Game\Juli4Ever\CMakeLists.txt" />
  </ItemGroup>
  <ItemGroup>
    <ResourceCompile Include="C:\Users\Juler\Documents\July\Juli\Juli4ever_Game\Juli4Ever\proj.win32\game.rc">
      <Filter>Source Files\proj.win32</Filter>
    </ResourceCompile>
  </ItemGroup>
  <ItemGroup>
    <Filter Include="Resources">
      <UniqueIdentifier>{5D7BA73E-5A2A-3996-B083-3B1067415F07}</UniqueIdentifier>
    </Filter>
    <Filter Include="Resources\fonts">
      <UniqueIdentifier>{3C898D89-08AE-3D32-82B4-FB6541162E8F}</UniqueIdentifier>
    </Filter>
    <Filter Include="Resources\res">
      <UniqueIdentifier>{07041592-24FF-30B9-9704-38C609E0432F}</UniqueIdentifier>
    </Filter>
    <Filter Include="Source Files">
      <UniqueIdentifier>{AE19B724-849C-3189-BBA1-1B40A660BE0A}</UniqueIdentifier>
    </Filter>
    <Filter Include="Source Files\Classes">
      <UniqueIdentifier>{AB4BB9C9-6E95-34B3-930B-D8ED76D4F345}</UniqueIdentifier>
    </Filter>
    <Filter Include="Source Files\proj.win32">
      <UniqueIdentifier>{7F6F86DC-211C-3203-8355-A62FBFE2287A}</UniqueIdentifier>
    </Filter>
    <Filter Include="Source Files\Juli4Ever">
      <UniqueIdentifier>{cd82e133-1188-4746-bd4b-d43dfdb84d2d}</UniqueIdentifier>
    </Filter>
    <Filter Include="Source Files\Juli4Ever\Musica">
      <UniqueIdentifier>{6e4c6e0d-4561-44a2-9c72-9ea8592a9612}</UniqueIdentifier>
    </Filter>
    <Filter Include="Source Files\Juli4Ever\Jugar">
      <UniqueIdentifier>{8c876e79-c5db-40b7-b48a-0a2a4c679264}</UniqueIdentifier>
    </Filter>
    <Filter Include="Source Files\Juli4Ever\Utils">
      <UniqueIdentifier>{894c9d72-0f3b-4428-bba7-16e2da1c7df7}</UniqueIdentifier>
    </Filter>
    <Filter Include="Source Files\Classes\Hablar">
      <UniqueIdentifier>{cff0aac3-e592-41b7-87a4-5ab707ec1bb5}</UniqueIdentifier>
    </Filter>
  </ItemGroup>
</Project>